
Microsoft Visual Studio Solution File, Format Version 12.00
# Visual Studio Version 16
VisualStudioVersion = 16.0.29806.167
MinimumVisualStudioVersion = 10.0.40219.1
Project("{FAE04EC0-301F-11D3-BF4B-00C04F79EFBC}") = "CreditCardValidator.Net35", "Src\CreditCardValidator.Net35\CreditCardValidator.Net35.csproj", "{F138E4A6-CDC7-405C-B9FB-879ECD343E53}"
EndProject
Project("{FAE04EC0-301F-11D3-BF4B-00C04F79EFBC}") = "CreditCardValidator.Pcl", "Src\CreditCardValidator.Pcl\CreditCardValidator.Pcl.csproj", "{10FCFCC0-BF9D-40AE-9482-37CB409A46AB}"
EndProject
Project("{FAE04EC0-301F-11D3-BF4B-00C04F79EFBC}") = "CreditCardValidator.Tests", "Src\CreditCardValidator.Tests\CreditCardValidator.Tests.csproj", "{1D3840DE-41C6-4517-BE06-309AA4A73759}"
EndProject
Project("{9A19103F-16F7-4668-BE54-9A1E7A4F7556}") = "CreditCardValidator.NetCore", "Src\CreditCardValidator.NetCore\CreditCardValidator.NetCore.csproj", "{E1EBB0F2-E429-414D-8D23-0F9536BEFF05}"
EndProject
Project("{2150E333-8FDC-42A3-9474-1A3956D46DE8}") = "Travis", "Travis", "{3D6D571A-7CFE-411E-8147-57D999A8FFE7}"
	ProjectSection(SolutionItems) = preProject
		.travis.yml = .travis.yml
	EndProjectSection
EndProject
Project("{2150E333-8FDC-42A3-9474-1A3956D46DE8}") = "zTests", "zTests", "{C5F1ADB2-6A2D-492A-8C33-75446324BBB7}"
EndProject
Project("{2150E333-8FDC-42A3-9474-1A3956D46DE8}") = "Src", "Src", "{A37B4815-77C3-45BD-B4A4-E5C410736345}"
EndProject
Project("{2150E333-8FDC-42A3-9474-1A3956D46DE8}") = "NuGet", "NuGet", "{B1EC15DC-44E1-40A3-8301-FB472B1F6747}"
	ProjectSection(SolutionItems) = preProject
		CreditCardValidator.nuspec = CreditCardValidator.nuspec
	EndProjectSection
EndProject
Global
	GlobalSection(SolutionConfigurationPlatforms) = preSolution
		Debug|Any CPU = Debug|Any CPU
		Release|Any CPU = Release|Any CPU
	EndGlobalSection
	GlobalSection(ProjectConfigurationPlatforms) = postSolution
		{F138E4A6-CDC7-405C-B9FB-879ECD343E53}.Debug|Any CPU.ActiveCfg = Debug|Any CPU
		{F138E4A6-CDC7-405C-B9FB-879ECD343E53}.Debug|Any CPU.Build.0 = Debug|Any CPU
		{F138E4A6-CDC7-405C-B9FB-879ECD343E53}.Release|Any CPU.ActiveCfg = Release|Any CPU
		{F138E4A6-CDC7-405C-B9FB-879ECD343E53}.Release|Any CPU.Build.0 = Release|Any CPU
		{10FCFCC0-BF9D-40AE-9482-37CB409A46AB}.Debug|Any CPU.ActiveCfg = Debug|Any CPU
		{10FCFCC0-BF9D-40AE-9482-37CB409A46AB}.Debug|Any CPU.Build.0 = Debug|Any CPU
		{10FCFCC0-BF9D-40AE-9482-37CB409A46AB}.Release|Any CPU.ActiveCfg = Release|Any CPU
		{10FCFCC0-BF9D-40AE-9482-37CB409A46AB}.Release|Any CPU.Build.0 = Release|Any CPU
		{1D3840DE-41C6-4517-BE06-309AA4A73759}.Debug|Any CPU.ActiveCfg = Debug|Any CPU
		{1D3840DE-41C6-4517-BE06-309AA4A73759}.Debug|Any CPU.Build.0 = Debug|Any CPU
		{1D3840DE-41C6-4517-BE06-309AA4A73759}.Release|Any CPU.ActiveCfg = Release|Any CPU
		{1D3840DE-41C6-4517-BE06-309AA4A73759}.Release|Any CPU.Build.0 = Release|Any CPU
		{E1EBB0F2-E429-414D-8D23-0F9536BEFF05}.Debug|Any CPU.ActiveCfg = Debug|Any CPU
		{E1EBB0F2-E429-414D-8D23-0F9536BEFF05}.Debug|Any CPU.Build.0 = Debug|Any CPU
		{E1EBB0F2-E429-414D-8D23-0F9536BEFF05}.Release|Any CPU.ActiveCfg = Release|Any CPU
		{E1EBB0F2-E429-414D-8D23-0F9536BEFF05}.Release|Any CPU.Build.0 = Release|Any CPU
	EndGlobalSection
	GlobalSection(SolutionProperties) = preSolution
		HideSolutionNode = FALSE
	EndGlobalSection
	GlobalSection(NestedProjects) = preSolution
		{F138E4A6-CDC7-405C-B9FB-879ECD343E53} = {A37B4815-77C3-45BD-B4A4-E5C410736345}
		{10FCFCC0-BF9D-40AE-9482-37CB409A46AB} = {A37B4815-77C3-45BD-B4A4-E5C410736345}
		{1D3840DE-41C6-4517-BE06-309AA4A73759} = {C5F1ADB2-6A2D-492A-8C33-75446324BBB7}
		{E1EBB0F2-E429-414D-8D23-0F9536BEFF05} = {A37B4815-77C3-45BD-B4A4-E5C410736345}
	EndGlobalSection
	GlobalSection(ExtensibilityGlobals) = postSolution
		SolutionGuid = {85A4490E-3048-4970-9FC4-0CA17BD1C6D6}
	EndGlobalSection
EndGlobal
