
Microsoft Visual Studio Solution File, Format Version 12.00
# Visual Studio 2013
VisualStudioVersion = 12.0.31101.0
MinimumVisualStudioVersion = 10.0.40219.1
Project("{FAE04EC0-301F-11D3-BF4B-00C04F79EFBC}") = "CreditCardValidator", "CreditCardValidator\CreditCardValidator.csproj", "{221006C3-0DE0-40FC-B395-1C59A2B468E4}"
EndProject
Project("{FAE04EC0-301F-11D3-BF4B-00C04F79EFBC}") = "CreditCardUnitTest", "CreditCardUnitTest\CreditCardUnitTest.csproj", "{1D3840DE-41C6-4517-BE06-309AA4A73759}"
EndProject
Global
	GlobalSection(SolutionConfigurationPlatforms) = preSolution
		Debug|Any CPU = Debug|Any CPU
		Release|Any CPU = Release|Any CPU
	EndGlobalSection
	GlobalSection(ProjectConfigurationPlatforms) = postSolution
		{221006C3-0DE0-40FC-B395-1C59A2B468E4}.Debug|Any CPU.ActiveCfg = Debug|Any CPU
		{221006C3-0DE0-40FC-B395-1C59A2B468E4}.Debug|Any CPU.Build.0 = Debug|Any CPU
		{221006C3-0DE0-40FC-B395-1C59A2B468E4}.Release|Any CPU.ActiveCfg = Release|Any CPU
		{221006C3-0DE0-40FC-B395-1C59A2B468E4}.Release|Any CPU.Build.0 = Release|Any CPU
		{1D3840DE-41C6-4517-BE06-309AA4A73759}.Debug|Any CPU.ActiveCfg = Debug|Any CPU
		{1D3840DE-41C6-4517-BE06-309AA4A73759}.Debug|Any CPU.Build.0 = Debug|Any CPU
		{1D3840DE-41C6-4517-BE06-309AA4A73759}.Release|Any CPU.ActiveCfg = Release|Any CPU
		{1D3840DE-41C6-4517-BE06-309AA4A73759}.Release|Any CPU.Build.0 = Release|Any CPU
	EndGlobalSection
	GlobalSection(SolutionProperties) = preSolution
		HideSolutionNode = FALSE
	EndGlobalSection
EndGlobal
